// !$*UTF8*$!
{
	archiveVersion = 1;
	classes = {
	};
	objectVersion = 50;
	objects = {

/* Begin PBXBuildFile section */
		5371127326D54A1B00070CC6 /* AppDelegate.swift in Sources */ = {isa = PBXBuildFile; fileRef = 5371127226D54A1B00070CC6 /* AppDelegate.swift */; };
		5371127526D54A1B00070CC6 /* SceneDelegate.swift in Sources */ = {isa = PBXBuildFile; fileRef = 5371127426D54A1B00070CC6 /* SceneDelegate.swift */; };
		5371127726D54A1B00070CC6 /* ViewController.swift in Sources */ = {isa = PBXBuildFile; fileRef = 5371127626D54A1B00070CC6 /* ViewController.swift */; };
		5371127A26D54A1B00070CC6 /* Main.storyboard in Resources */ = {isa = PBXBuildFile; fileRef = 5371127826D54A1B00070CC6 /* Main.storyboard */; };
		5371127C26D54A1C00070CC6 /* Assets.xcassets in Resources */ = {isa = PBXBuildFile; fileRef = 5371127B26D54A1C00070CC6 /* Assets.xcassets */; };
		5371127F26D54A1C00070CC6 /* LaunchScreen.storyboard in Resources */ = {isa = PBXBuildFile; fileRef = 5371127D26D54A1C00070CC6 /* LaunchScreen.storyboard */; };
		5371128A26D54A1C00070CC6 /* ImageResizeTests.swift in Sources */ = {isa = PBXBuildFile; fileRef = 5371128926D54A1C00070CC6 /* ImageResizeTests.swift */; };
		5371129526D54A1C00070CC6 /* ImageResizeUITests.swift in Sources */ = {isa = PBXBuildFile; fileRef = 5371129426D54A1C00070CC6 /* ImageResizeUITests.swift */; };
		53ED6F3626DB23940080E5CD /* ImageDownloadHelper.swift in Sources */ = {isa = PBXBuildFile; fileRef = 53ED6F3426DB23940080E5CD /* ImageDownloadHelper.swift */; };
		53ED6F3726DB23940080E5CD /* AsyncImage.swift in Sources */ = {isa = PBXBuildFile; fileRef = 53ED6F3526DB23940080E5CD /* AsyncImage.swift */; };
		563371C41784D77823F449C2 /* Pods_ImageResize.framework in Frameworks */ = {isa = PBXBuildFile; fileRef = 2C756EF0F774B8862A244110 /* Pods_ImageResize.framework */; };
/* End PBXBuildFile section */

/* Begin PBXContainerItemProxy section */
		5371128626D54A1C00070CC6 /* PBXContainerItemProxy */ = {
			isa = PBXContainerItemProxy;
			containerPortal = 5371126726D54A1B00070CC6 /* Project object */;
			proxyType = 1;
			remoteGlobalIDString = 5371126E26D54A1B00070CC6;
			remoteInfo = ImageResize;
		};
		5371129126D54A1C00070CC6 /* PBXContainerItemProxy */ = {
			isa = PBXContainerItemProxy;
			containerPortal = 5371126726D54A1B00070CC6 /* Project object */;
			proxyType = 1;
			remoteGlobalIDString = 5371126E26D54A1B00070CC6;
			remoteInfo = ImageResize;
		};
/* End PBXContainerItemProxy section */

/* Begin PBXFileReference section */
		2C756EF0F774B8862A244110 /* Pods_ImageResize.framework */ = {isa = PBXFileReference; explicitFileType = wrapper.framework; includeInIndex = 0; path = Pods_ImageResize.framework; sourceTree = BUILT_PRODUCTS_DIR; };
		383195A305906D210AC66FA5 /* Pods-ImageResize.release.xcconfig */ = {isa = PBXFileReference; includeInIndex = 1; lastKnownFileType = text.xcconfig; name = "Pods-ImageResize.release.xcconfig"; path = "Target Support Files/Pods-ImageResize/Pods-ImageResize.release.xcconfig"; sourceTree = "<group>"; };
		5371126F26D54A1B00070CC6 /* ImageResize.app */ = {isa = PBXFileReference; explicitFileType = wrapper.application; includeInIndex = 0; path = ImageResize.app; sourceTree = BUILT_PRODUCTS_DIR; };
		5371127226D54A1B00070CC6 /* AppDelegate.swift */ = {isa = PBXFileReference; lastKnownFileType = sourcecode.swift; path = AppDelegate.swift; sourceTree = "<group>"; };
		5371127426D54A1B00070CC6 /* SceneDelegate.swift */ = {isa = PBXFileReference; lastKnownFileType = sourcecode.swift; path = SceneDelegate.swift; sourceTree = "<group>"; };
		5371127626D54A1B00070CC6 /* ViewController.swift */ = {isa = PBXFileReference; lastKnownFileType = sourcecode.swift; path = ViewController.swift; sourceTree = "<group>"; };
		5371127926D54A1B00070CC6 /* Base */ = {isa = PBXFileReference; lastKnownFileType = file.storyboard; name = Base; path = Base.lproj/Main.storyboard; sourceTree = "<group>"; };
		5371127B26D54A1C00070CC6 /* Assets.xcassets */ = {isa = PBXFileReference; lastKnownFileType = folder.assetcatalog; path = Assets.xcassets; sourceTree = "<group>"; };
		5371127E26D54A1C00070CC6 /* Base */ = {isa = PBXFileReference; lastKnownFileType = file.storyboard; name = Base; path = Base.lproj/LaunchScreen.storyboard; sourceTree = "<group>"; };
		5371128026D54A1C00070CC6 /* Info.plist */ = {isa = PBXFileReference; lastKnownFileType = text.plist.xml; path = Info.plist; sourceTree = "<group>"; };
		5371128526D54A1C00070CC6 /* ImageResizeTests.xctest */ = {isa = PBXFileReference; explicitFileType = wrapper.cfbundle; includeInIndex = 0; path = ImageResizeTests.xctest; sourceTree = BUILT_PRODUCTS_DIR; };
		5371128926D54A1C00070CC6 /* ImageResizeTests.swift */ = {isa = PBXFileReference; lastKnownFileType = sourcecode.swift; path = ImageResizeTests.swift; sourceTree = "<group>"; };
		5371128B26D54A1C00070CC6 /* Info.plist */ = {isa = PBXFileReference; lastKnownFileType = text.plist.xml; path = Info.plist; sourceTree = "<group>"; };
		5371129026D54A1C00070CC6 /* ImageResizeUITests.xctest */ = {isa = PBXFileReference; explicitFileType = wrapper.cfbundle; includeInIndex = 0; path = ImageResizeUITests.xctest; sourceTree = BUILT_PRODUCTS_DIR; };
		5371129426D54A1C00070CC6 /* ImageResizeUITests.swift */ = {isa = PBXFileReference; lastKnownFileType = sourcecode.swift; path = ImageResizeUITests.swift; sourceTree = "<group>"; };
		5371129626D54A1C00070CC6 /* Info.plist */ = {isa = PBXFileReference; lastKnownFileType = text.plist.xml; path = Info.plist; sourceTree = "<group>"; };
		53ED6F3426DB23940080E5CD /* ImageDownloadHelper.swift */ = {isa = PBXFileReference; fileEncoding = 4; lastKnownFileType = sourcecode.swift; path = ImageDownloadHelper.swift; sourceTree = "<group>"; };
		53ED6F3526DB23940080E5CD /* AsyncImage.swift */ = {isa = PBXFileReference; fileEncoding = 4; lastKnownFileType = sourcecode.swift; path = AsyncImage.swift; sourceTree = "<group>"; };
		9D9A2D15EFBC2BD7A952D120 /* Pods-ImageResize.debug.xcconfig */ = {isa = PBXFileReference; includeInIndex = 1; lastKnownFileType = text.xcconfig; name = "Pods-ImageResize.debug.xcconfig"; path = "Target Support Files/Pods-ImageResize/Pods-ImageResize.debug.xcconfig"; sourceTree = "<group>"; };
/* End PBXFileReference section */

/* Begin PBXFrameworksBuildPhase section */
		5371126C26D54A1B00070CC6 /* Frameworks */ = {
			isa = PBXFrameworksBuildPhase;
			buildActionMask = 2147483647;
			files = (
				563371C41784D77823F449C2 /* Pods_ImageResize.framework in Frameworks */,
			);
			runOnlyForDeploymentPostprocessing = 0;
		};
		5371128226D54A1C00070CC6 /* Frameworks */ = {
			isa = PBXFrameworksBuildPhase;
			buildActionMask = 2147483647;
			files = (
			);
			runOnlyForDeploymentPostprocessing = 0;
		};
		5371128D26D54A1C00070CC6 /* Frameworks */ = {
			isa = PBXFrameworksBuildPhase;
			buildActionMask = 2147483647;
			files = (
			);
			runOnlyForDeploymentPostprocessing = 0;
		};
/* End PBXFrameworksBuildPhase section */

/* Begin PBXGroup section */
		177CB66415EE902FB8946003 /* Pods */ = {
			isa = PBXGroup;
			children = (
				9D9A2D15EFBC2BD7A952D120 /* Pods-ImageResize.debug.xcconfig */,
				383195A305906D210AC66FA5 /* Pods-ImageResize.release.xcconfig */,
			);
			name = Pods;
			path = Pods;
			sourceTree = "<group>";
		};
		5371126626D54A1B00070CC6 = {
			isa = PBXGroup;
			children = (
				5371127126D54A1B00070CC6 /* ImageResize */,
				5371128826D54A1C00070CC6 /* ImageResizeTests */,
				5371129326D54A1C00070CC6 /* ImageResizeUITests */,
				5371127026D54A1B00070CC6 /* Products */,
				177CB66415EE902FB8946003 /* Pods */,
				F51F5D5054D6860C778AC829 /* Frameworks */,
			);
			sourceTree = "<group>";
		};
		5371127026D54A1B00070CC6 /* Products */ = {
			isa = PBXGroup;
			children = (
				5371126F26D54A1B00070CC6 /* ImageResize.app */,
				5371128526D54A1C00070CC6 /* ImageResizeTests.xctest */,
				5371129026D54A1C00070CC6 /* ImageResizeUITests.xctest */,
			);
			name = Products;
			sourceTree = "<group>";
		};
		5371127126D54A1B00070CC6 /* ImageResize */ = {
			isa = PBXGroup;
			children = (
				53ED6F3226DB23690080E5CD /* Utilities */,
				5371127226D54A1B00070CC6 /* AppDelegate.swift */,
				5371127426D54A1B00070CC6 /* SceneDelegate.swift */,
				5371127626D54A1B00070CC6 /* ViewController.swift */,
				5371127826D54A1B00070CC6 /* Main.storyboard */,
				5371127B26D54A1C00070CC6 /* Assets.xcassets */,
				5371127D26D54A1C00070CC6 /* LaunchScreen.storyboard */,
				5371128026D54A1C00070CC6 /* Info.plist */,
			);
			path = ImageResize;
			sourceTree = "<group>";
		};
		5371128826D54A1C00070CC6 /* ImageResizeTests */ = {
			isa = PBXGroup;
			children = (
				5371128926D54A1C00070CC6 /* ImageResizeTests.swift */,
				5371128B26D54A1C00070CC6 /* Info.plist */,
			);
			path = ImageResizeTests;
			sourceTree = "<group>";
		};
		5371129326D54A1C00070CC6 /* ImageResizeUITests */ = {
			isa = PBXGroup;
			children = (
				5371129426D54A1C00070CC6 /* ImageResizeUITests.swift */,
				5371129626D54A1C00070CC6 /* Info.plist */,
			);
			path = ImageResizeUITests;
			sourceTree = "<group>";
		};
		53ED6F3226DB23690080E5CD /* Utilities */ = {
			isa = PBXGroup;
			children = (
				53ED6F3326DB23820080E5CD /* Helper */,
			);
			path = Utilities;
			sourceTree = "<group>";
		};
		53ED6F3326DB23820080E5CD /* Helper */ = {
			isa = PBXGroup;
			children = (
				53ED6F3526DB23940080E5CD /* AsyncImage.swift */,
				53ED6F3426DB23940080E5CD /* ImageDownloadHelper.swift */,
			);
			path = Helper;
			sourceTree = "<group>";
		};
		F51F5D5054D6860C778AC829 /* Frameworks */ = {
			isa = PBXGroup;
			children = (
				2C756EF0F774B8862A244110 /* Pods_ImageResize.framework */,
			);
			name = Frameworks;
			sourceTree = "<group>";
		};
/* End PBXGroup section */

/* Begin PBXNativeTarget section */
		5371126E26D54A1B00070CC6 /* ImageResize */ = {
			isa = PBXNativeTarget;
			buildConfigurationList = 5371129926D54A1C00070CC6 /* Build configuration list for PBXNativeTarget "ImageResize" */;
			buildPhases = (
				67E46C8ADCB9E0FEECE7DE95 /* [CP] Check Pods Manifest.lock */,
				5371126B26D54A1B00070CC6 /* Sources */,
				5371126C26D54A1B00070CC6 /* Frameworks */,
				5371126D26D54A1B00070CC6 /* Resources */,
				8B190E17EC97DACB745525AD /* [CP] Embed Pods Frameworks */,
			);
			buildRules = (
			);
			dependencies = (
			);
			name = ImageResize;
			productName = ImageResize;
			productReference = 5371126F26D54A1B00070CC6 /* ImageResize.app */;
			productType = "com.apple.product-type.application";
		};
		5371128426D54A1C00070CC6 /* ImageResizeTests */ = {
			isa = PBXNativeTarget;
			buildConfigurationList = 5371129C26D54A1C00070CC6 /* Build configuration list for PBXNativeTarget "ImageResizeTests" */;
			buildPhases = (
				5371128126D54A1C00070CC6 /* Sources */,
				5371128226D54A1C00070CC6 /* Frameworks */,
				5371128326D54A1C00070CC6 /* Resources */,
			);
			buildRules = (
			);
			dependencies = (
				5371128726D54A1C00070CC6 /* PBXTargetDependency */,
			);
			name = ImageResizeTests;
			productName = ImageResizeTests;
			productReference = 5371128526D54A1C00070CC6 /* ImageResizeTests.xctest */;
			productType = "com.apple.product-type.bundle.unit-test";
		};
		5371128F26D54A1C00070CC6 /* ImageResizeUITests */ = {
			isa = PBXNativeTarget;
			buildConfigurationList = 5371129F26D54A1C00070CC6 /* Build configuration list for PBXNativeTarget "ImageResizeUITests" */;
			buildPhases = (
				5371128C26D54A1C00070CC6 /* Sources */,
				5371128D26D54A1C00070CC6 /* Frameworks */,
				5371128E26D54A1C00070CC6 /* Resources */,
			);
			buildRules = (
			);
			dependencies = (
				5371129226D54A1C00070CC6 /* PBXTargetDependency */,
			);
			name = ImageResizeUITests;
			productName = ImageResizeUITests;
			productReference = 5371129026D54A1C00070CC6 /* ImageResizeUITests.xctest */;
			productType = "com.apple.product-type.bundle.ui-testing";
		};
/* End PBXNativeTarget section */

/* Begin PBXProject section */
		5371126726D54A1B00070CC6 /* Project object */ = {
			isa = PBXProject;
			attributes = {
				LastSwiftUpdateCheck = 1250;
				LastUpgradeCheck = 1250;
				TargetAttributes = {
					5371126E26D54A1B00070CC6 = {
						CreatedOnToolsVersion = 12.5.1;
					};
					5371128426D54A1C00070CC6 = {
						CreatedOnToolsVersion = 12.5.1;
						TestTargetID = 5371126E26D54A1B00070CC6;
					};
					5371128F26D54A1C00070CC6 = {
						CreatedOnToolsVersion = 12.5.1;
						TestTargetID = 5371126E26D54A1B00070CC6;
					};
				};
			};
			buildConfigurationList = 5371126A26D54A1B00070CC6 /* Build configuration list for PBXProject "ImageResize" */;
			compatibilityVersion = "Xcode 9.3";
			developmentRegion = en;
			hasScannedForEncodings = 0;
			knownRegions = (
				en,
				Base,
			);
			mainGroup = 5371126626D54A1B00070CC6;
			productRefGroup = 5371127026D54A1B00070CC6 /* Products */;
			projectDirPath = "";
			projectRoot = "";
			targets = (
				5371126E26D54A1B00070CC6 /* ImageResize */,
				5371128426D54A1C00070CC6 /* ImageResizeTests */,
				5371128F26D54A1C00070CC6 /* ImageResizeUITests */,
			);
		};
/* End PBXProject section */

/* Begin PBXResourcesBuildPhase section */
		5371126D26D54A1B00070CC6 /* Resources */ = {
			isa = PBXResourcesBuildPhase;
			buildActionMask = 2147483647;
			files = (
				5371127F26D54A1C00070CC6 /* LaunchScreen.storyboard in Resources */,
				5371127C26D54A1C00070CC6 /* Assets.xcassets in Resources */,
				5371127A26D54A1B00070CC6 /* Main.storyboard in Resources */,
			);
			runOnlyForDeploymentPostprocessing = 0;
		};
		5371128326D54A1C00070CC6 /* Resources */ = {
			isa = PBXResourcesBuildPhase;
			buildActionMask = 2147483647;
			files = (
			);
			runOnlyForDeploymentPostprocessing = 0;
		};
		5371128E26D54A1C00070CC6 /* Resources */ = {
			isa = PBXResourcesBuildPhase;
			buildActionMask = 2147483647;
			files = (
			);
			runOnlyForDeploymentPostprocessing = 0;
		};
/* End PBXResourcesBuildPhase section */

/* Begin PBXShellScriptBuildPhase section */
		67E46C8ADCB9E0FEECE7DE95 /* [CP] Check Pods Manifest.lock */ = {
			isa = PBXShellScriptBuildPhase;
			buildActionMask = 2147483647;
			files = (
			);
			inputFileListPaths = (
			);
			inputPaths = (
				"${PODS_PODFILE_DIR_PATH}/Podfile.lock",
				"${PODS_ROOT}/Manifest.lock",
			);
			name = "[CP] Check Pods Manifest.lock";
			outputFileListPaths = (
			);
			outputPaths = (
				"$(DERIVED_FILE_DIR)/Pods-ImageResize-checkManifestLockResult.txt",
			);
			runOnlyForDeploymentPostprocessing = 0;
			shellPath = /bin/sh;
			shellScript = "diff \"${PODS_PODFILE_DIR_PATH}/Podfile.lock\" \"${PODS_ROOT}/Manifest.lock\" > /dev/null\nif [ $? != 0 ] ; then\n    # print error to STDERR\n    echo \"error: The sandbox is not in sync with the Podfile.lock. Run 'pod install' or update your CocoaPods installation.\" >&2\n    exit 1\nfi\n# This output is used by Xcode 'outputs' to avoid re-running this script phase.\necho \"SUCCESS\" > \"${SCRIPT_OUTPUT_FILE_0}\"\n";
			showEnvVarsInLog = 0;
		};
		8B190E17EC97DACB745525AD /* [CP] Embed Pods Frameworks */ = {
			isa = PBXShellScriptBuildPhase;
			buildActionMask = 2147483647;
			files = (
			);
			inputFileListPaths = (
				"${PODS_ROOT}/Target Support Files/Pods-ImageResize/Pods-ImageResize-frameworks-${CONFIGURATION}-input-files.xcfilelist",
			);
			name = "[CP] Embed Pods Frameworks";
			outputFileListPaths = (
				"${PODS_ROOT}/Target Support Files/Pods-ImageResize/Pods-ImageResize-frameworks-${CONFIGURATION}-output-files.xcfilelist",
			);
			runOnlyForDeploymentPostprocessing = 0;
			shellPath = /bin/sh;
			shellScript = "\"${PODS_ROOT}/Target Support Files/Pods-ImageResize/Pods-ImageResize-frameworks.sh\"\n";
			showEnvVarsInLog = 0;
		};
/* End PBXShellScriptBuildPhase section */

/* Begin PBXSourcesBuildPhase section */
		5371126B26D54A1B00070CC6 /* Sources */ = {
			isa = PBXSourcesBuildPhase;
			buildActionMask = 2147483647;
			files = (
				53ED6F3726DB23940080E5CD /* AsyncImage.swift in Sources */,
				5371127726D54A1B00070CC6 /* ViewController.swift in Sources */,
				5371127326D54A1B00070CC6 /* AppDelegate.swift in Sources */,
				5371127526D54A1B00070CC6 /* SceneDelegate.swift in Sources */,
				53ED6F3626DB23940080E5CD /* ImageDownloadHelper.swift in Sources */,
			);
			runOnlyForDeploymentPostprocessing = 0;
		};
		5371128126D54A1C00070CC6 /* Sources */ = {
			isa = PBXSourcesBuildPhase;
			buildActionMask = 2147483647;
			files = (
				5371128A26D54A1C00070CC6 /* ImageResizeTests.swift in Sources */,
			);
			runOnlyForDeploymentPostprocessing = 0;
		};
		5371128C26D54A1C00070CC6 /* Sources */ = {
			isa = PBXSourcesBuildPhase;
			buildActionMask = 2147483647;
			files = (
				5371129526D54A1C00070CC6 /* ImageResizeUITests.swift in Sources */,
			);
			runOnlyForDeploymentPostprocessing = 0;
		};
/* End PBXSourcesBuildPhase section */

/* Begin PBXTargetDependency section */
		5371128726D54A1C00070CC6 /* PBXTargetDependency */ = {
			isa = PBXTargetDependency;
			target = 5371126E26D54A1B00070CC6 /* ImageResize */;
			targetProxy = 5371128626D54A1C00070CC6 /* PBXContainerItemProxy */;
		};
		5371129226D54A1C00070CC6 /* PBXTargetDependency */ = {
			isa = PBXTargetDependency;
			target = 5371126E26D54A1B00070CC6 /* ImageResize */;
			targetProxy = 5371129126D54A1C00070CC6 /* PBXContainerItemProxy */;
		};
/* End PBXTargetDependency section */

/* Begin PBXVariantGroup section */
		5371127826D54A1B00070CC6 /* Main.storyboard */ = {
			isa = PBXVariantGroup;
			children = (
				5371127926D54A1B00070CC6 /* Base */,
			);
			name = Main.storyboard;
			sourceTree = "<group>";
		};
		5371127D26D54A1C00070CC6 /* LaunchScreen.storyboard */ = {
			isa = PBXVariantGroup;
			children = (
				5371127E26D54A1C00070CC6 /* Base */,
			);
			name = LaunchScreen.storyboard;
			sourceTree = "<group>";
		};
/* End PBXVariantGroup section */

/* Begin XCBuildConfiguration section */
		5371129726D54A1C00070CC6 /* Debug */ = {
			isa = XCBuildConfiguration;
			buildSettings = {
				ALWAYS_SEARCH_USER_PATHS = NO;
				CLANG_ANALYZER_NONNULL = YES;
				CLANG_ANALYZER_NUMBER_OBJECT_CONVERSION = YES_AGGRESSIVE;
				CLANG_CXX_LANGUAGE_STANDARD = "gnu++14";
				CLANG_CXX_LIBRARY = "libc++";
				CLANG_ENABLE_MODULES = YES;
				CLANG_ENABLE_OBJC_ARC = YES;
				CLANG_ENABLE_OBJC_WEAK = YES;
				CLANG_WARN_BLOCK_CAPTURE_AUTORELEASING = YES;
				CLANG_WARN_BOOL_CONVERSION = YES;
				CLANG_WARN_COMMA = YES;
				CLANG_WARN_CONSTANT_CONVERSION = YES;
				CLANG_WARN_DEPRECATED_OBJC_IMPLEMENTATIONS = YES;
				CLANG_WARN_DIRECT_OBJC_ISA_USAGE = YES_ERROR;
				CLANG_WARN_DOCUMENTATION_COMMENTS = YES;
				CLANG_WARN_EMPTY_BODY = YES;
				CLANG_WARN_ENUM_CONVERSION = YES;
				CLANG_WARN_INFINITE_RECURSION = YES;
				CLANG_WARN_INT_CONVERSION = YES;
				CLANG_WARN_NON_LITERAL_NULL_CONVERSION = YES;
				CLANG_WARN_OBJC_IMPLICIT_RETAIN_SELF = YES;
				CLANG_WARN_OBJC_LITERAL_CONVERSION = YES;
				CLANG_WARN_OBJC_ROOT_CLASS = YES_ERROR;
				CLANG_WARN_QUOTED_INCLUDE_IN_FRAMEWORK_HEADER = YES;
				CLANG_WARN_RANGE_LOOP_ANALYSIS = YES;
				CLANG_WARN_STRICT_PROTOTYPES = YES;
				CLANG_WARN_SUSPICIOUS_MOVE = YES;
				CLANG_WARN_UNGUARDED_AVAILABILITY = YES_AGGRESSIVE;
				CLANG_WARN_UNREACHABLE_CODE = YES;
				CLANG_WARN__DUPLICATE_METHOD_MATCH = YES;
				COPY_PHASE_STRIP = NO;
				DEBUG_INFORMATION_FORMAT = dwarf;
				ENABLE_STRICT_OBJC_MSGSEND = YES;
				ENABLE_TESTABILITY = YES;
				GCC_C_LANGUAGE_STANDARD = gnu11;
				GCC_DYNAMIC_NO_PIC = NO;
				GCC_NO_COMMON_BLOCKS = YES;
				GCC_OPTIMIZATION_LEVEL = 0;
				GCC_PREPROCESSOR_DEFINITIONS = (
					"DEBUG=1",
					"$(inherited)",
				);
				GCC_WARN_64_TO_32_BIT_CONVERSION = YES;
				GCC_WARN_ABOUT_RETURN_TYPE = YES_ERROR;
				GCC_WARN_UNDECLARED_SELECTOR = YES;
				GCC_WARN_UNINITIALIZED_AUTOS = YES_AGGRESSIVE;
				GCC_WARN_UNUSED_FUNCTION = YES;
				GCC_WARN_UNUSED_VARIABLE = YES;
				IPHONEOS_DEPLOYMENT_TARGET = 14.5;
				MTL_ENABLE_DEBUG_INFO = INCLUDE_SOURCE;
				MTL_FAST_MATH = YES;
				ONLY_ACTIVE_ARCH = YES;
				SDKROOT = iphoneos;
				SWIFT_ACTIVE_COMPILATION_CONDITIONS = DEBUG;
				SWIFT_OPTIMIZATION_LEVEL = "-Onone";
			};
			name = Debug;
		};
		5371129826D54A1C00070CC6 /* Release */ = {
			isa = XCBuildConfiguration;
			buildSettings = {
				ALWAYS_SEARCH_USER_PATHS = NO;
				CLANG_ANALYZER_NONNULL = YES;
				CLANG_ANALYZER_NUMBER_OBJECT_CONVERSION = YES_AGGRESSIVE;
				CLANG_CXX_LANGUAGE_STANDARD = "gnu++14";
				CLANG_CXX_LIBRARY = "libc++";
				CLANG_ENABLE_MODULES = YES;
				CLANG_ENABLE_OBJC_ARC = YES;
				CLANG_ENABLE_OBJC_WEAK = YES;
				CLANG_WARN_BLOCK_CAPTURE_AUTORELEASING = YES;
				CLANG_WARN_BOOL_CONVERSION = YES;
				CLANG_WARN_COMMA = YES;
				CLANG_WARN_CONSTANT_CONVERSION = YES;
				CLANG_WARN_DEPRECATED_OBJC_IMPLEMENTATIONS = YES;
				CLANG_WARN_DIRECT_OBJC_ISA_USAGE = YES_ERROR;
				CLANG_WARN_DOCUMENTATION_COMMENTS = YES;
				CLANG_WARN_EMPTY_BODY = YES;
				CLANG_WARN_ENUM_CONVERSION = YES;
				CLANG_WARN_INFINITE_RECURSION = YES;
				CLANG_WARN_INT_CONVERSION = YES;
				CLANG_WARN_NON_LITERAL_NULL_CONVERSION = YES;
				CLANG_WARN_OBJC_IMPLICIT_RETAIN_SELF = YES;
				CLANG_WARN_OBJC_LITERAL_CONVERSION = YES;
				CLANG_WARN_OBJC_ROOT_CLASS = YES_ERROR;
				CLANG_WARN_QUOTED_INCLUDE_IN_FRAMEWORK_HEADER = YES;
				CLANG_WARN_RANGE_LOOP_ANALYSIS = YES;
				CLANG_WARN_STRICT_PROTOTYPES = YES;
				CLANG_WARN_SUSPICIOUS_MOVE = YES;
				CLANG_WARN_UNGUARDED_AVAILABILITY = YES_AGGRESSIVE;
				CLANG_WARN_UNREACHABLE_CODE = YES;
				CLANG_WARN__DUPLICATE_METHOD_MATCH = YES;
				COPY_PHASE_STRIP = NO;
				DEBUG_INFORMATION_FORMAT = "dwarf-with-dsym";
				ENABLE_NS_ASSERTIONS = NO;
				ENABLE_STRICT_OBJC_MSGSEND = YES;
				GCC_C_LANGUAGE_STANDARD = gnu11;
				GCC_NO_COMMON_BLOCKS = YES;
				GCC_WARN_64_TO_32_BIT_CONVERSION = YES;
				GCC_WARN_ABOUT_RETURN_TYPE = YES_ERROR;
				GCC_WARN_UNDECLARED_SELECTOR = YES;
				GCC_WARN_UNINITIALIZED_AUTOS = YES_AGGRESSIVE;
				GCC_WARN_UNUSED_FUNCTION = YES;
				GCC_WARN_UNUSED_VARIABLE = YES;
				IPHONEOS_DEPLOYMENT_TARGET = 14.5;
				MTL_ENABLE_DEBUG_INFO = NO;
				MTL_FAST_MATH = YES;
				SDKROOT = iphoneos;
				SWIFT_COMPILATION_MODE = wholemodule;
				SWIFT_OPTIMIZATION_LEVEL = "-O";
				VALIDATE_PRODUCT = YES;
			};
			name = Release;
		};
		5371129A26D54A1C00070CC6 /* Debug */ = {
			isa = XCBuildConfiguration;
			baseConfigurationReference = 9D9A2D15EFBC2BD7A952D120 /* Pods-ImageResize.debug.xcconfig */;
			buildSettings = {
				ASSETCATALOG_COMPILER_APPICON_NAME = AppIcon;
				ASSETCATALOG_COMPILER_GLOBAL_ACCENT_COLOR_NAME = AccentColor;
				CODE_SIGN_STYLE = Automatic;
				INFOPLIST_FILE = ImageResize/Info.plist;
				LD_RUNPATH_SEARCH_PATHS = (
					"$(inherited)",
					"@executable_path/Frameworks",
				);
				PRODUCT_BUNDLE_IDENTIFIER = com.imageResize.ImageResize;
				PRODUCT_NAME = "$(TARGET_NAME)";
				SWIFT_VERSION = 5.0;
				TARGETED_DEVICE_FAMILY = "1,2";
			};
			name = Debug;
		};
		5371129B26D54A1C00070CC6 /* Release */ = {
			isa = XCBuildConfiguration;
			baseConfigurationReference = 383195A305906D210AC66FA5 /* Pods-ImageResize.release.xcconfig */;
			buildSettings = {
				ASSETCATALOG_COMPILER_APPICON_NAME = AppIcon;
				ASSETCATALOG_COMPILER_GLOBAL_ACCENT_COLOR_NAME = AccentColor;
				CODE_SIGN_STYLE = Automatic;
				INFOPLIST_FILE = ImageResize/Info.plist;
				LD_RUNPATH_SEARCH_PATHS = (
					"$(inherited)",
					"@executable_path/Frameworks",
				);
				PRODUCT_BUNDLE_IDENTIFIER = com.imageResize.ImageResize;
				PRODUCT_NAME = "$(TARGET_NAME)";
				SWIFT_VERSION = 5.0;
				TARGETED_DEVICE_FAMILY = "1,2";
			};
			name = Release;
		};
		5371129D26D54A1C00070CC6 /* Debug */ = {
			isa = XCBuildConfiguration;
			buildSettings = {
				ALWAYS_EMBED_SWIFT_STANDARD_LIBRARIES = YES;
				BUNDLE_LOADER = "$(TEST_HOST)";
				CODE_SIGN_STYLE = Automatic;
				INFOPLIST_FILE = ImageResizeTests/Info.plist;
				IPHONEOS_DEPLOYMENT_TARGET = 14.5;
				LD_RUNPATH_SEARCH_PATHS = (
					"$(inherited)",
					"@executable_path/Frameworks",
					"@loader_path/Frameworks",
				);
				PRODUCT_BUNDLE_IDENTIFIER = com.imageResize.ImageResizeTests;
				PRODUCT_NAME = "$(TARGET_NAME)";
				SWIFT_VERSION = 5.0;
				TARGETED_DEVICE_FAMILY = "1,2";
				TEST_HOST = "$(BUILT_PRODUCTS_DIR)/ImageResize.app/ImageResize";
			};
			name = Debug;
		};
		5371129E26D54A1C00070CC6 /* Release */ = {
			isa = XCBuildConfiguration;
			buildSettings = {
				ALWAYS_EMBED_SWIFT_STANDARD_LIBRARIES = YES;
				BUNDLE_LOADER = "$(TEST_HOST)";
				CODE_SIGN_STYLE = Automatic;
				INFOPLIST_FILE = ImageResizeTests/Info.plist;
				IPHONEOS_DEPLOYMENT_TARGET = 14.5;
				LD_RUNPATH_SEARCH_PATHS = (
					"$(inherited)",
					"@executable_path/Frameworks",
					"@loader_path/Frameworks",
				);
				PRODUCT_BUNDLE_IDENTIFIER = com.imageResize.ImageResizeTests;
				PRODUCT_NAME = "$(TARGET_NAME)";
				SWIFT_VERSION = 5.0;
				TARGETED_DEVICE_FAMILY = "1,2";
				TEST_HOST = "$(BUILT_PRODUCTS_DIR)/ImageResize.app/ImageResize";
			};
			name = Release;
		};
		537112A026D54A1C00070CC6 /* Debug */ = {
			isa = XCBuildConfiguration;
			buildSettings = {
				ALWAYS_EMBED_SWIFT_STANDARD_LIBRARIES = YES;
				CODE_SIGN_STYLE = Automatic;
				INFOPLIST_FILE = ImageResizeUITests/Info.plist;
				LD_RUNPATH_SEARCH_PATHS = (
					"$(inherited)",
					"@executable_path/Frameworks",
					"@loader_path/Frameworks",
				);
				PRODUCT_BUNDLE_IDENTIFIER = com.imageResize.ImageResizeUITests;
				PRODUCT_NAME = "$(TARGET_NAME)";
				SWIFT_VERSION = 5.0;
				TARGETED_DEVICE_FAMILY = "1,2";
				TEST_TARGET_NAME = ImageResize;
			};
			name = Debug;
		};
		537112A126D54A1C00070CC6 /* Release */ = {
			isa = XCBuildConfiguration;
			buildSettings = {
				ALWAYS_EMBED_SWIFT_STANDARD_LIBRARIES = YES;
				CODE_SIGN_STYLE = Automatic;
				INFOPLIST_FILE = ImageResizeUITests/Info.plist;
				LD_RUNPATH_SEARCH_PATHS = (
					"$(inherited)",
					"@executable_path/Frameworks",
					"@loader_path/Frameworks",
				);
				PRODUCT_BUNDLE_IDENTIFIER = com.imageResize.ImageResizeUITests;
				PRODUCT_NAME = "$(TARGET_NAME)";
				SWIFT_VERSION = 5.0;
				TARGETED_DEVICE_FAMILY = "1,2";
				TEST_TARGET_NAME = ImageResize;
			};
			name = Release;
		};
/* End XCBuildConfiguration section */

/* Begin XCConfigurationList section */
		5371126A26D54A1B00070CC6 /* Build configuration list for PBXProject "ImageResize" */ = {
			isa = XCConfigurationList;
			buildConfigurations = (
				5371129726D54A1C00070CC6 /* Debug */,
				5371129826D54A1C00070CC6 /* Release */,
			);
			defaultConfigurationIsVisible = 0;
			defaultConfigurationName = Release;
		};
		5371129926D54A1C00070CC6 /* Build configuration list for PBXNativeTarget "ImageResize" */ = {
			isa = XCConfigurationList;
			buildConfigurations = (
				5371129A26D54A1C00070CC6 /* Debug */,
				5371129B26D54A1C00070CC6 /* Release */,
			);
			defaultConfigurationIsVisible = 0;
			defaultConfigurationName = Release;
		};
		5371129C26D54A1C00070CC6 /* Build configuration list for PBXNativeTarget "ImageResizeTests" */ = {
			isa = XCConfigurationList;
			buildConfigurations = (
				5371129D26D54A1C00070CC6 /* Debug */,
				5371129E26D54A1C00070CC6 /* Release */,
			);
			defaultConfigurationIsVisible = 0;
			defaultConfigurationName = Release;
		};
		5371129F26D54A1C00070CC6 /* Build configuration list for PBXNativeTarget "ImageResizeUITests" */ = {
			isa = XCConfigurationList;
			buildConfigurations = (
				537112A026D54A1C00070CC6 /* Debug */,
				537112A126D54A1C00070CC6 /* Release */,
			);
			defaultConfigurationIsVisible = 0;
			defaultConfigurationName = Release;
		};
/* End XCConfigurationList section */
	};
	rootObject = 5371126726D54A1B00070CC6 /* Project object */;
}
